<Solution>
  <Folder Name="/src/">
    <Project Path="src\Nexus.Developer.Core\Nexus.Developer.Core.csproj" />
    <Project Path="src\Nexus.Developer.Application\Nexus.Developer.Application.csproj" />
    <Project Path="src\Nexus.Developer.Infrastructure\Nexus.Developer.Infrastructure.csproj" />
  </Folder>
  <Folder Name="/tests/">
    <Project Path="tests\Nexus.Developer.Core.Tests\Nexus.Developer.Core.Tests.csproj" />
  </Folder>
</Solution>
